PODS:
  - Cosmos (23.0.0)
  - KMPlaceholderTextView (1.4.0)

DEPENDENCIES:
  - Cosmos (~> 23.0)
  - KMPlaceholderTextView (~> 1.4.0)

SPEC REPOS:
  trunk:
    - Cosmos
    - KMPlaceholderTextView

SPEC CHECKSUMS:
  Cosmos: b5c6a9a637e28a061b54c8f8b1d8529d7d4db73f
  KMPlaceholderTextView: 2206c3df39979e9396e2d96fa9f427a8951121b0

PODFILE CHECKSUM: 62d77c175012fa6c41ff683112508e79992813d5

COCOAPODS: 1.11.2
